speakeasyVersion: 1.631.0
sources:
    Squadcast:
        sourceNamespace: squadcast
        sourceRevisionDigest: sha256:bdd71ff011f4c14284c16340471ee8eb4b02e14b4df862c3933c8ed31e05f11f
        sourceBlobDigest: sha256:72d34ed85fd124d3a70ccb4e8a038a545ea2066263fb4ebb4eae36ad8aac56f5
        tags:
            - latest
            - speakeasy-sdk-regen-1758932521
            - 1.0.0
targets:
    squadcast-sdk:
        source: Squadcast
        sourceNamespace: squadcast
        sourceRevisionDigest: sha256:bdd71ff011f4c14284c16340471ee8eb4b02e14b4df862c3933c8ed31e05f11f
        sourceBlobDigest: sha256:72d34ed85fd124d3a70ccb4e8a038a545ea2066263fb4ebb4eae36ad8aac56f5
        codeSamplesNamespace: squadcast-typescript-typescript-python-code-samples
        codeSamplesRevisionDigest: sha256:3d3396109b05f9adf6a809cf281fb020148a1effc8f374feababf3575d3a6ede
workflow:
    workflowVersion: 1.0.0
    speakeasyVersion: latest
    sources:
        Squadcast:
            inputs:
                - location: https://raw.githubusercontent.com/solarwinds-cloud/sq-squadcast-public-api-docs/main/build/openapi3/openapi.json
                  authHeader: Authorization
                  authSecret: $openapi_doc_auth_token
            overlays:
                - location: .speakeasy/speakeasy-modifications-overlay.yaml
            output: .speakeasy/out.openapi.yaml
            registry:
                location: registry.speakeasyapi.dev/swo/incident-response/squadcast
    targets:
        squadcast-sdk:
            target: python
            source: Squadcast
            output: squadcastv1
            publish:
                pypi:
                    token: $pypi_token
            codeSamples:
                registry:
                    location: registry.speakeasyapi.dev/swo/incident-response/squadcast-typescript-typescript-python-code-samples
                labelOverride:
                    fixedValue: Python (SDK)
                blocking: false
            testing:
                enabled: false
