speakeasyVersion: 1.621.0
sources:
    Squadcast:
        sourceNamespace: squadcast
        sourceRevisionDigest: sha256:55647cdc4e502b772b54b90fbb2e7558377c959663dc2a9ae25333a2d89612ba
        sourceBlobDigest: sha256:09c774cf842bb8bd40b612fdf7a8b460fd2c00d45027b6bab49adfd953dfe3d1
        tags:
            - latest
            - speakeasy-sdk-regen-fix-signedin-commits-fix-1758258677
            - 1.0.0
targets:
    squadcast-sdk:
        source: Squadcast
        sourceNamespace: squadcast
        sourceRevisionDigest: sha256:55647cdc4e502b772b54b90fbb2e7558377c959663dc2a9ae25333a2d89612ba
        sourceBlobDigest: sha256:09c774cf842bb8bd40b612fdf7a8b460fd2c00d45027b6bab49adfd953dfe3d1
        codeSamplesNamespace: squadcast-typescript-typescript-python-code-samples
        codeSamplesRevisionDigest: sha256:b792ed269013b4997c4f904489a11e452433789df14c75cf6f36388da069fbb0
workflow:
    workflowVersion: 1.0.0
    speakeasyVersion: latest
    sources:
        Squadcast:
            inputs:
                - location: https://raw.githubusercontent.com/solarwinds-cloud/sq-squadcast-public-api-docs/main/build/openapi3/openapi.json
                  authHeader: Authorization
                  authSecret: $openapi_doc_auth_token
            overlays:
                - location: .speakeasy/speakeasy-modifications-overlay.yaml
            output: .speakeasy/out.openapi.yaml
            registry:
                location: registry.speakeasyapi.dev/swo/incident-response/squadcast
    targets:
        squadcast-sdk:
            target: python
            source: Squadcast
            output: squadcastv1
            publish:
                pypi:
                    token: $pypi_token
            codeSamples:
                registry:
                    location: registry.speakeasyapi.dev/swo/incident-response/squadcast-typescript-typescript-python-code-samples
                labelOverride:
                    fixedValue: Python (SDK)
                blocking: false
            testing:
                enabled: false
