speakeasyVersion: 1.653.2
sources:
    Squadcast:
        sourceNamespace: squadcast
        sourceRevisionDigest: sha256:24453cc388f5f1926acc270306761e4291eae521ba32e9b11c29aa50af1e8f64
        sourceBlobDigest: sha256:614f396a96cb2fbf18fa18000caff86a63469ca5c855b9434ef25b6c1bc50aee
        tags:
            - latest
            - speakeasy-sdk-regen-1762907075
            - 1.0.0
targets:
    squadcast-sdk:
        source: Squadcast
        sourceNamespace: squadcast
        sourceRevisionDigest: sha256:24453cc388f5f1926acc270306761e4291eae521ba32e9b11c29aa50af1e8f64
        sourceBlobDigest: sha256:614f396a96cb2fbf18fa18000caff86a63469ca5c855b9434ef25b6c1bc50aee
        codeSamplesNamespace: squadcast-typescript-typescript-python-code-samples
        codeSamplesRevisionDigest: sha256:e1d4e8889a36511cd309dfbb6e317331d52a23aa836dbfa23023ef9d8959f29b
workflow:
    workflowVersion: 1.0.0
    speakeasyVersion: latest
    sources:
        Squadcast:
            inputs:
                - location: https://raw.githubusercontent.com/solarwinds-cloud/sq-squadcast-public-api-docs/main/build/openapi3/openapi.json
                  authHeader: Authorization
                  authSecret: $openapi_doc_auth_token
            overlays:
                - location: .speakeasy/speakeasy-modifications-overlay.yaml
            output: .speakeasy/out.openapi.yaml
            registry:
                location: registry.speakeasyapi.dev/swo/incident-response/squadcast
    targets:
        squadcast-sdk:
            target: python
            source: Squadcast
            output: squadcastv1
            publish:
                pypi:
                    token: $pypi_token
            codeSamples:
                registry:
                    location: registry.speakeasyapi.dev/swo/incident-response/squadcast-typescript-typescript-python-code-samples
                labelOverride:
                    fixedValue: Python (SDK)
                blocking: false
            testing:
                enabled: false
